
Microsoft Visual Studio Solution File, Format Version 12.00
# Visual Studio Version 16
VisualStudioVersion = 16.0.30804.86
MinimumVisualStudioVersion = 10.0.40219.1
Project("{FAE04EC0-301F-11D3-BF4B-00C04F79EFBC}") = "UtilitiesDraw", "X:\Programování_Třeťák\Utilities\Vysvedceni\Vysvedceni\UtilitiesDraw\UtilitiesDraw.csproj", "{612A9DD4-262D-4063-895D-85EAF40E3583}"
EndProject
Global
	GlobalSection(SolutionConfigurationPlatforms) = preSolution
		Debug|Any CPU = Debug|Any CPU
		Release|Any CPU = Release|Any CPU
	EndGlobalSection
	GlobalSection(ProjectConfigurationPlatforms) = postSolution
		{612A9DD4-262D-4063-895D-85EAF40E3583}.Debug|Any CPU.ActiveCfg = Debug|Any CPU
		{612A9DD4-262D-4063-895D-85EAF40E3583}.Debug|Any CPU.Build.0 = Debug|Any CPU
		{612A9DD4-262D-4063-895D-85EAF40E3583}.Release|Any CPU.ActiveCfg = Release|Any CPU
		{612A9DD4-262D-4063-895D-85EAF40E3583}.Release|Any CPU.Build.0 = Release|Any CPU
	EndGlobalSection
	GlobalSection(SolutionProperties) = preSolution
		HideSolutionNode = FALSE
	EndGlobalSection
	GlobalSection(ExtensibilityGlobals) = postSolution
		SolutionGuid = {46DF83D3-CC99-42D7-B5E0-EDD542EEEA47}
	EndGlobalSection
EndGlobal
